{
    "_readme": [
        "This file locks the dependencies of your project to a known state",
        "Read more about it at https://getcomposer.org/doc/01-basic-usage.md#installing-dependencies",
        "This file is @generated automatically"
    ],
    "content-hash": "22cfbd7b0402e58986b5133753586af6",
    "packages": [
        {
            "name": "doctrine/inflector",
            "version": "1.1.x-dev",
            "source": {
                "type": "git",
                "url": "https://github.com/doctrine/inflector.git",
                "reference": "90b2128806bfde671b6952ab8bea493942c1fdae"
            },
            "dist": {
                "type": "zip",
                "url": "https://api.github.com/repos/doctrine/inflector/zipball/90b2128806bfde671b6952ab8bea493942c1fdae",
                "reference": "90b2128806bfde671b6952ab8bea493942c1fdae",
                "shasum": ""
            },
            "require": {
                "php": ">=5.3.2"
            },
            "require-dev": {
                "phpunit/phpunit": "4.*"
            },
            "type": "library",
            "extra": {
                "branch-alias": {
                    "dev-master": "1.1.x-dev"
                }
            },
            "autoload": {
                "psr-0": {
                    "Doctrine\\Common\\Inflector\\": "lib/"
                }
            },
            "notification-url": "https://packagist.org/downloads/",
            "license": [
                "MIT"
            ],
            "authors": [
                {
                    "name": "Roman Borschel",
                    "email": "roman@code-factory.org"
                },
                {
                    "name": "Benjamin Eberlei",
                    "email": "kontakt@beberlei.de"
                },
                {
                    "name": "Guilherme Blanco",
                    "email": "guilhermeblanco@gmail.com"
                },
                {
                    "name": "Jonathan Wage",
                    "email": "jonwage@gmail.com"
                },
                {
                    "name": "Johannes Schmitt",
                    "email": "schmittjoh@gmail.com"
                }
            ],
            "description": "Common String Manipulations with regard to casing and singular/plural rules.",
            "homepage": "http://www.doctrine-project.org",
            "keywords": [
                "inflection",
                "pluralize",
                "singularize",
                "string"
            ],
            "time": "2015-11-06T14:35:42+00:00"
        },
        {
            "name": "illuminate/contracts",
            "version": "5.2.x-dev",
            "source": {
                "type": "git",
                "url": "https://github.com/illuminate/contracts.git",
                "reference": "66eb2baef315664740c9f87d6f3f5b7347a05da9"
            },
            "dist": {
                "type": "zip",
                "url": "https://api.github.com/repos/illuminate/contracts/zipball/66eb2baef315664740c9f87d6f3f5b7347a05da9",
                "reference": "66eb2baef315664740c9f87d6f3f5b7347a05da9",
                "shasum": ""
            },
            "require": {
                "php": ">=5.5.9"
            },
            "type": "library",
            "extra": {
                "branch-alias": {
                    "dev-master": "5.2-dev"
                }
            },
            "autoload": {
                "psr-4": {
                    "Illuminate\\Contracts\\": ""
                }
            },
            "notification-url": "https://packagist.org/downloads/",
            "license": [
                "MIT"
            ],
            "authors": [
                {
                    "name": "Taylor Otwell",
                    "email": "taylor@laravel.com"
                }
            ],
            "description": "The Illuminate Contracts package.",
            "homepage": "http://laravel.com",
            "time": "2017-08-12T11:45:44+00:00"
        },
        {
            "name": "illuminate/filesystem",
            "version": "5.2.x-dev",
            "source": {
                "type": "git",
                "url": "https://github.com/illuminate/filesystem.git",
                "reference": "c41e104ebf13cb4901c773a1c30bbdf7ddf0949a"
            },
            "dist": {
                "type": "zip",
                "url": "https://api.github.com/repos/illuminate/filesystem/zipball/c41e104ebf13cb4901c773a1c30bbdf7ddf0949a",
                "reference": "c41e104ebf13cb4901c773a1c30bbdf7ddf0949a",
                "shasum": ""
            },
            "require": {
                "illuminate/contracts": "5.2.*",
                "illuminate/support": "5.2.*",
                "php": ">=5.5.9",
                "symfony/finder": "2.8.*|3.0.*"
            },
            "suggest": {
                "league/flysystem": "Required to use the Flysystem local and FTP drivers (~1.0).",
                "league/flysystem-aws-s3-v3": "Required to use the Flysystem S3 driver (~1.0).",
                "league/flysystem-rackspace": "Required to use the Flysystem Rackspace driver (~1.0)."
            },
            "type": "library",
            "extra": {
                "branch-alias": {
                    "dev-master": "5.2-dev"
                }
            },
            "autoload": {
                "psr-4": {
                    "Illuminate\\Filesystem\\": ""
                }
            },
            "notification-url": "https://packagist.org/downloads/",
            "license": [
                "MIT"
            ],
            "authors": [
                {
                    "name": "Taylor Otwell",
                    "email": "taylor@laravel.com"
                }
            ],
            "description": "The Illuminate Filesystem package.",
            "homepage": "http://laravel.com",
            "time": "2016-12-03T18:52:25+00:00"
        },
        {
            "name": "illuminate/pagination",
            "version": "5.2.x-dev",
            "source": {
                "type": "git",
                "url": "https://github.com/illuminate/pagination.git",
                "reference": "a4450887251f443a1243ef537d98ce5bbea6b193"
            },
            "dist": {
                "type": "zip",
                "url": "https://api.github.com/repos/illuminate/pagination/zipball/a4450887251f443a1243ef537d98ce5bbea6b193",
                "reference": "a4450887251f443a1243ef537d98ce5bbea6b193",
                "shasum": ""
            },
            "require": {
                "illuminate/contracts": "5.2.*",
                "illuminate/support": "5.2.*",
                "php": ">=5.5.9"
            },
            "type": "library",
            "extra": {
                "branch-alias": {
                    "dev-master": "5.2-dev"
                }
            },
            "autoload": {
                "psr-4": {
                    "Illuminate\\Pagination\\": ""
                }
            },
            "notification-url": "https://packagist.org/downloads/",
            "license": [
                "MIT"
            ],
            "authors": [
                {
                    "name": "Taylor Otwell",
                    "email": "taylor@laravel.com"
                }
            ],
            "description": "The Illuminate Pagination package.",
            "homepage": "http://laravel.com",
            "time": "2016-08-01T13:49:14+00:00"
        },
        {
            "name": "illuminate/support",
            "version": "5.2.x-dev",
            "source": {
                "type": "git",
                "url": "https://github.com/illuminate/support.git",
                "reference": "ba979ee49a0be1a694bebecc4e7b35df03cedda9"
            },
            "dist": {
                "type": "zip",
                "url": "https://api.github.com/repos/illuminate/support/zipball/ba979ee49a0be1a694bebecc4e7b35df03cedda9",
                "reference": "ba979ee49a0be1a694bebecc4e7b35df03cedda9",
                "shasum": ""
            },
            "require": {
                "doctrine/inflector": "~1.0",
                "ext-mbstring": "*",
                "illuminate/contracts": "5.2.*",
                "paragonie/random_compat": "~1.4",
                "php": ">=5.5.9"
            },
            "replace": {
                "tightenco/collect": "self.version"
            },
            "suggest": {
                "illuminate/filesystem": "Required to use the composer class (5.2.*).",
                "jeremeamia/superclosure": "Required to be able to serialize closures (~2.2).",
                "symfony/polyfill-php56": "Required to use the hash_equals function on PHP 5.5 (~1.0).",
                "symfony/process": "Required to use the composer class (2.8.*|3.0.*).",
                "symfony/var-dumper": "Improves the dd function (2.8.*|3.0.*)."
            },
            "type": "library",
            "extra": {
                "branch-alias": {
                    "dev-master": "5.2-dev"
                }
            },
            "autoload": {
                "psr-4": {
                    "Illuminate\\Support\\": ""
                },
                "files": [
                    "helpers.php"
                ]
            },
            "notification-url": "https://packagist.org/downloads/",
            "license": [
                "MIT"
            ],
            "authors": [
                {
                    "name": "Taylor Otwell",
                    "email": "taylor@laravel.com"
                }
            ],
            "description": "The Illuminate Support package.",
            "homepage": "http://laravel.com",
            "time": "2016-12-03T18:52:25+00:00"
        },
        {
            "name": "paragonie/random_compat",
            "version": "v1.x-dev",
            "source": {
                "type": "git",
                "url": "https://github.com/paragonie/random_compat.git",
                "reference": "9fc1472f86f806eb1f0801c7e027f53c24e08bff"
            },
            "dist": {
                "type": "zip",
                "url": "https://api.github.com/repos/paragonie/random_compat/zipball/9fc1472f86f806eb1f0801c7e027f53c24e08bff",
                "reference": "9fc1472f86f806eb1f0801c7e027f53c24e08bff",
                "shasum": ""
            },
            "require": {
                "php": ">=5.2.0"
            },
            "require-dev": {
                "phpunit/phpunit": "4.*|5.*"
            },
            "suggest": {
                "ext-libsodium": "Provides a modern crypto API that can be used to generate random bytes."
            },
            "type": "library",
            "autoload": {
                "files": [
                    "lib/random.php"
                ]
            },
            "notification-url": "https://packagist.org/downloads/",
            "license": [
                "MIT"
            ],
            "authors": [
                {
                    "name": "Paragon Initiative Enterprises",
                    "email": "security@paragonie.com",
                    "homepage": "https://paragonie.com"
                }
            ],
            "description": "PHP 5.x polyfill for random_bytes() and random_int() from PHP 7",
            "keywords": [
                "csprng",
                "pseudorandom",
                "random"
            ],
            "time": "2018-04-04T21:56:13+00:00"
        },
        {
            "name": "symfony/finder",
            "version": "3.0.x-dev",
            "source": {
                "type": "git",
                "url": "https://github.com/symfony/finder.git",
                "reference": "3eb4e64c6145ef8b92adefb618a74ebdde9e3fe9"
            },
            "dist": {
                "type": "zip",
                "url": "https://api.github.com/repos/symfony/finder/zipball/3eb4e64c6145ef8b92adefb618a74ebdde9e3fe9",
                "reference": "3eb4e64c6145ef8b92adefb618a74ebdde9e3fe9",
                "shasum": ""
            },
            "require": {
                "php": ">=5.5.9"
            },
            "type": "library",
            "extra": {
                "branch-alias": {
                    "dev-master": "3.0-dev"
                }
            },
            "autoload": {
                "psr-4": {
                    "Symfony\\Component\\Finder\\": ""
                },
                "exclude-from-classmap": [
                    "/Tests/"
                ]
            },
            "notification-url": "https://packagist.org/downloads/",
            "license": [
                "MIT"
            ],
            "authors": [
                {
                    "name": "Fabien Potencier",
                    "email": "fabien@symfony.com"
                },
                {
                    "name": "Symfony Community",
                    "homepage": "https://symfony.com/contributors"
                }
            ],
            "description": "Symfony Finder Component",
            "homepage": "https://symfony.com",
            "time": "2016-06-29T05:40:00+00:00"
        },
        {
            "name": "wedevelopcoffee/openprovider_api",
            "version": "dev-master",
            "source": {
                "type": "git",
                "url": "https://github.com/wedevelopcoffee/OpenProvider_Api.git",
                "reference": "5293891e23438acd3d78e957d982a8ce482294d5"
            },
            "dist": {
                "type": "zip",
                "url": "https://api.github.com/repos/wedevelopcoffee/OpenProvider_Api/zipball/5293891e23438acd3d78e957d982a8ce482294d5",
                "reference": "5293891e23438acd3d78e957d982a8ce482294d5",
                "shasum": ""
            },
            "type": "library",
            "autoload": {
                "psr-4": {
                    "WeDevelopCoffee\\OpenProvider_Api\\": "./src/"
                }
            },
            "notification-url": "https://packagist.org/downloads/",
            "authors": [
                {
                    "name": "Daniel Koop",
                    "email": "daniel@wedevelop.coffee"
                }
            ],
            "description": "Communication package with Openprovider",
            "time": "2018-03-28T16:59:34+00:00"
        },
        {
            "name": "wedevelopcoffee/wpower",
            "version": "v1.1.0",
            "source": {
                "type": "git",
                "url": "https://github.com/wedevelopcoffee/wPower.git",
                "reference": "cdcc6d1e228d252eaab5b09ab521f88490f6d9d2"
            },
            "dist": {
                "type": "zip",
                "url": "https://api.github.com/repos/wedevelopcoffee/wPower/zipball/cdcc6d1e228d252eaab5b09ab521f88490f6d9d2",
                "reference": "cdcc6d1e228d252eaab5b09ab521f88490f6d9d2",
                "shasum": ""
            },
            "require": {
                "doctrine/inflector": "1.1.*",
                "illuminate/filesystem": "5.2.*",
                "illuminate/pagination": "5.2.*"
            },
            "require-dev": {
                "mockery/mockery": "^1.0",
                "php-mock/php-mock-mockery": "^1.2",
                "phpunit/phpunit": "^6",
                "smarty/smarty": "3.1.29"
            },
            "type": "library",
            "autoload": {
                "psr-4": {
                    "WeDevelopCoffee\\wPower\\": "src"
                },
                "files": [
                    "src/helpers.php"
                ]
            },
            "notification-url": "https://packagist.org/downloads/",
            "license": [
                "MIT"
            ],
            "authors": [
                {
                    "name": "Daniel Koop",
                    "email": "daniel@yourwebhoster.eu"
                }
            ],
            "description": "Add extra power to your WHMCS addon, registrar, gateway or server module.",
            "time": "2019-02-20T12:46:26+00:00"
        }
    ],
    "packages-dev": [],
    "aliases": [],
    "minimum-stability": "dev",
    "stability-flags": {
        "wedevelopcoffee/openprovider_api": 20
    },
    "prefer-stable": false,
    "prefer-lowest": false,
    "platform": [],
    "platform-dev": []
}
